// !$*UTF8*$!
{
	archiveVersion = 1;
	classes = {
	};
	objectVersion = 46;
	objects = {

/* Begin PBXBuildFile section */
		4E064B981D4600E20050436F /* ViewController.swift in Sources */ = {isa = PBXBuildFile; fileRef = 4E064B961D4600E20050436F /* ViewController.swift */; };
		4E064B991D4600E20050436F /* ViewController.xib in Resources */ = {isa = PBXBuildFile; fileRef = 4E064B971D4600E20050436F /* ViewController.xib */; };
		4E1BE6B71D473971007C215F /* FSRulerScrollView.swift in Sources */ = {isa = PBXBuildFile; fileRef = 4E1BE6B51D473971007C215F /* FSRulerScrollView.swift */; };
		4E1BE6B81D473971007C215F /* rulerView.swift in Sources */ = {isa = PBXBuildFile; fileRef = 4E1BE6B61D473971007C215F /* rulerView.swift */; };
		4EA2700B1D031385003DA80F /* AppDelegate.swift in Sources */ = {isa = PBXBuildFile; fileRef = 4EA2700A1D031385003DA80F /* AppDelegate.swift */; };
		4EA2700D1D031385003DA80F /* Assets.xcassets in Resources */ = {isa = PBXBuildFile; fileRef = 4EA2700C1D031385003DA80F /* Assets.xcassets */; };
		4EA270101D031385003DA80F /* LaunchScreen.storyboard in Resources */ = {isa = PBXBuildFile; fileRef = 4EA2700E1D031385003DA80F /* LaunchScreen.storyboard */; };
/* End PBXBuildFile section */

/* Begin PBXFileReference section */
		4E064B961D4600E20050436F /* ViewController.swift */ = {isa = PBXFileReference; fileEncoding = 4; lastKnownFileType = sourcecode.swift; path = ViewController.swift; sourceTree = "<group>"; };
		4E064B971D4600E20050436F /* ViewController.xib */ = {isa = PBXFileReference; fileEncoding = 4; lastKnownFileType = file.xib; path = ViewController.xib; sourceTree = "<group>"; };
		4E1BE6B51D473971007C215F /* FSRulerScrollView.swift */ = {isa = PBXFileReference; fileEncoding = 4; lastKnownFileType = sourcecode.swift; path = FSRulerScrollView.swift; sourceTree = "<group>"; };
		4E1BE6B61D473971007C215F /* rulerView.swift */ = {isa = PBXFileReference; fileEncoding = 4; lastKnownFileType = sourcecode.swift; path = rulerView.swift; sourceTree = "<group>"; };
		4EA270071D031385003DA80F /* rulerSwift.app */ = {isa = PBXFileReference; explicitFileType = wrapper.application; includeInIndex = 0; path = rulerSwift.app; sourceTree = BUILT_PRODUCTS_DIR; };
		4EA2700A1D031385003DA80F /* AppDelegate.swift */ = {isa = PBXFileReference; lastKnownFileType = sourcecode.swift; path = AppDelegate.swift; sourceTree = "<group>"; };
		4EA2700C1D031385003DA80F /* Assets.xcassets */ = {isa = PBXFileReference; lastKnownFileType = folder.assetcatalog; path = Assets.xcassets; sourceTree = "<group>"; };
		4EA2700F1D031385003DA80F /* Base */ = {isa = PBXFileReference; lastKnownFileType = file.storyboard; name = Base; path = Base.lproj/LaunchScreen.storyboard; sourceTree = "<group>"; };
		4EA270111D031385003DA80F /* Info.plist */ = {isa = PBXFileReference; lastKnownFileType = text.plist.xml; path = Info.plist; sourceTree = "<group>"; };
/* End PBXFileReference section */

/* Begin PBXFrameworksBuildPhase section */
		4EA270041D031385003DA80F /* Frameworks */ = {
			isa = PBXFrameworksBuildPhase;
			buildActionMask = 2147483647;
			files = (
			);
			runOnlyForDeploymentPostprocessing = 0;
		};
/* End PBXFrameworksBuildPhase section */

/* Begin PBXGroup section */
		4E1BE6B41D473971007C215F /* rulerSwift */ = {
			isa = PBXGroup;
			children = (
				4E1BE6B51D473971007C215F /* FSRulerScrollView.swift */,
				4E1BE6B61D473971007C215F /* rulerView.swift */,
			);
			path = rulerSwift;
			sourceTree = "<group>";
		};
		4EA26FFE1D031385003DA80F = {
			isa = PBXGroup;
			children = (
				4EA270091D031385003DA80F /* rulerSwift */,
				4EA270081D031385003DA80F /* Products */,
			);
			sourceTree = "<group>";
		};
		4EA270081D031385003DA80F /* Products */ = {
			isa = PBXGroup;
			children = (
				4EA270071D031385003DA80F /* rulerSwift.app */,
			);
			name = Products;
			sourceTree = "<group>";
		};
		4EA270091D031385003DA80F /* rulerSwift */ = {
			isa = PBXGroup;
			children = (
				4E1BE6B41D473971007C215F /* rulerSwift */,
				4EA2700A1D031385003DA80F /* AppDelegate.swift */,
				4E064B961D4600E20050436F /* ViewController.swift */,
				4E064B971D4600E20050436F /* ViewController.xib */,
				4EA2700C1D031385003DA80F /* Assets.xcassets */,
				4EA2700E1D031385003DA80F /* LaunchScreen.storyboard */,
				4EA270111D031385003DA80F /* Info.plist */,
			);
			path = rulerSwift;
			sourceTree = "<group>";
		};
/* End PBXGroup section */

/* Begin PBXNativeTarget section */
		4EA270061D031385003DA80F /* rulerSwift */ = {
			isa = PBXNativeTarget;
			buildConfigurationList = 4EA270141D031385003DA80F /* Build configuration list for PBXNativeTarget "rulerSwift" */;
			buildPhases = (
				4EA270031D031385003DA80F /* Sources */,
				4EA270041D031385003DA80F /* Frameworks */,
				4EA270051D031385003DA80F /* Resources */,
			);
			buildRules = (
			);
			dependencies = (
			);
			name = rulerSwift;
			productName = rulerSwift;
			productReference = 4EA270071D031385003DA80F /* rulerSwift.app */;
			productType = "com.apple.product-type.application";
		};
/* End PBXNativeTarget section */

/* Begin PBXProject section */
		4EA26FFF1D031385003DA80F /* Project object */ = {
			isa = PBXProject;
			attributes = {
				LastSwiftUpdateCheck = 0720;
				LastUpgradeCheck = 0720;
				ORGANIZATIONNAME = Albert;
				TargetAttributes = {
					4EA270061D031385003DA80F = {
						CreatedOnToolsVersion = 7.2.1;
						DevelopmentTeam = XKZDJQG2X3;
						DevelopmentTeamName = "HaiYi Tang (Personal Team)";
						LastSwiftMigration = 0800;
						ProvisioningStyle = Automatic;
					};
				};
			};
			buildConfigurationList = 4EA270021D031385003DA80F /* Build configuration list for PBXProject "rulerSwift" */;
			compatibilityVersion = "Xcode 3.2";
			developmentRegion = English;
			hasScannedForEncodings = 0;
			knownRegions = (
				en,
				Base,
			);
			mainGroup = 4EA26FFE1D031385003DA80F;
			productRefGroup = 4EA270081D031385003DA80F /* Products */;
			projectDirPath = "";
			projectRoot = "";
			targets = (
				4EA270061D031385003DA80F /* rulerSwift */,
			);
		};
/* End PBXProject section */

/* Begin PBXResourcesBuildPhase section */
		4EA270051D031385003DA80F /* Resources */ = {
			isa = PBXResourcesBuildPhase;
			buildActionMask = 2147483647;
			files = (
				4EA2700D1D031385003DA80F /* Assets.xcassets in Resources */,
				4E064B991D4600E20050436F /* ViewController.xib in Resources */,
				4EA270101D031385003DA80F /* LaunchScreen.storyboard in Resources */,
			);
			runOnlyForDeploymentPostprocessing = 0;
		};
/* End PBXResourcesBuildPhase section */

/* Begin PBXSourcesBuildPhase section */
		4EA270031D031385003DA80F /* Sources */ = {
			isa = PBXSourcesBuildPhase;
			buildActionMask = 2147483647;
			files = (
				4E064B981D4600E20050436F /* ViewController.swift in Sources */,
				4EA2700B1D031385003DA80F /* AppDelegate.swift in Sources */,
				4E1BE6B71D473971007C215F /* FSRulerScrollView.swift in Sources */,
				4E1BE6B81D473971007C215F /* rulerView.swift in Sources */,
			);
			runOnlyForDeploymentPostprocessing = 0;
		};
/* End PBXSourcesBuildPhase section */

/* Begin PBXVariantGroup section */
		4EA2700E1D031385003DA80F /* LaunchScreen.storyboard */ = {
			isa = PBXVariantGroup;
			children = (
				4EA2700F1D031385003DA80F /* Base */,
			);
			name = LaunchScreen.storyboard;
			sourceTree = "<group>";
		};
/* End PBXVariantGroup section */

/* Begin XCBuildConfiguration section */
		4EA270121D031385003DA80F /* Debug */ = {
			isa = XCBuildConfiguration;
			buildSettings = {
				ALWAYS_SEARCH_USER_PATHS = NO;
				CLANG_CXX_LANGUAGE_STANDARD = "gnu++0x";
				CLANG_CXX_LIBRARY = "libc++";
				CLANG_ENABLE_MODULES = YES;
				CLANG_ENABLE_OBJC_ARC = YES;
				CLANG_WARN_BOOL_CONVERSION = YES;
				CLANG_WARN_CONSTANT_CONVERSION = YES;
				CLANG_WARN_DIRECT_OBJC_ISA_USAGE = YES_ERROR;
				CLANG_WARN_EMPTY_BODY = YES;
				CLANG_WARN_ENUM_CONVERSION = YES;
				CLANG_WARN_INT_CONVERSION = YES;
				CLANG_WARN_OBJC_ROOT_CLASS = YES_ERROR;
				CLANG_WARN_UNREACHABLE_CODE = YES;
				CLANG_WARN__DUPLICATE_METHOD_MATCH = YES;
				CODE_SIGN_IDENTITY = "iPhone Developer";
				"CODE_SIGN_IDENTITY[sdk=iphoneos*]" = "iPhone Developer";
				COPY_PHASE_STRIP = NO;
				DEBUG_INFORMATION_FORMAT = dwarf;
				ENABLE_STRICT_OBJC_MSGSEND = YES;
				ENABLE_TESTABILITY = YES;
				GCC_C_LANGUAGE_STANDARD = gnu99;
				GCC_DYNAMIC_NO_PIC = NO;
				GCC_NO_COMMON_BLOCKS = YES;
				GCC_OPTIMIZATION_LEVEL = 0;
				GCC_PREPROCESSOR_DEFINITIONS = (
					"DEBUG=1",
					"$(inherited)",
				);
				GCC_WARN_64_TO_32_BIT_CONVERSION = YES;
				GCC_WARN_ABOUT_RETURN_TYPE = YES_ERROR;
				GCC_WARN_UNDECLARED_SELECTOR = YES;
				GCC_WARN_UNINITIALIZED_AUTOS = YES_AGGRESSIVE;
				GCC_WARN_UNUSED_FUNCTION = YES;
				GCC_WARN_UNUSED_VARIABLE = YES;
				IPHONEOS_DEPLOYMENT_TARGET = 8.0;
				MTL_ENABLE_DEBUG_INFO = YES;
				ONLY_ACTIVE_ARCH = YES;
				SDKROOT = iphoneos;
				SWIFT_OPTIMIZATION_LEVEL = "-Onone";
				TARGETED_DEVICE_FAMILY = "1,2";
			};
			name = Debug;
		};
		4EA270131D031385003DA80F /* Release */ = {
			isa = XCBuildConfiguration;
			buildSettings = {
				ALWAYS_SEARCH_USER_PATHS = NO;
				CLANG_CXX_LANGUAGE_STANDARD = "gnu++0x";
				CLANG_CXX_LIBRARY = "libc++";
				CLANG_ENABLE_MODULES = YES;
				CLANG_ENABLE_OBJC_ARC = YES;
				CLANG_WARN_BOOL_CONVERSION = YES;
				CLANG_WARN_CONSTANT_CONVERSION = YES;
				CLANG_WARN_DIRECT_OBJC_ISA_USAGE = YES_ERROR;
				CLANG_WARN_EMPTY_BODY = YES;
				CLANG_WARN_ENUM_CONVERSION = YES;
				CLANG_WARN_INT_CONVERSION = YES;
				CLANG_WARN_OBJC_ROOT_CLASS = YES_ERROR;
				CLANG_WARN_UNREACHABLE_CODE = YES;
				CLANG_WARN__DUPLICATE_METHOD_MATCH = YES;
				CODE_SIGN_IDENTITY = "iPhone Developer";
				"CODE_SIGN_IDENTITY[sdk=iphoneos*]" = "iPhone Developer";
				COPY_PHASE_STRIP = NO;
				DEBUG_INFORMATION_FORMAT = "dwarf-with-dsym";
				ENABLE_NS_ASSERTIONS = NO;
				ENABLE_STRICT_OBJC_MSGSEND = YES;
				GCC_C_LANGUAGE_STANDARD = gnu99;
				GCC_NO_COMMON_BLOCKS = YES;
				GCC_WARN_64_TO_32_BIT_CONVERSION = YES;
				GCC_WARN_ABOUT_RETURN_TYPE = YES_ERROR;
				GCC_WARN_UNDECLARED_SELECTOR = YES;
				GCC_WARN_UNINITIALIZED_AUTOS = YES_AGGRESSIVE;
				GCC_WARN_UNUSED_FUNCTION = YES;
				GCC_WARN_UNUSED_VARIABLE = YES;
				IPHONEOS_DEPLOYMENT_TARGET = 8.0;
				MTL_ENABLE_DEBUG_INFO = NO;
				SDKROOT = iphoneos;
				TARGETED_DEVICE_FAMILY = "1,2";
				VALIDATE_PRODUCT = YES;
			};
			name = Release;
		};
		4EA270151D031385003DA80F /* Debug */ = {
			isa = XCBuildConfiguration;
			buildSettings = {
				ASSETCATALOG_COMPILER_APPICON_NAME = AppIcon;
				CLANG_ENABLE_MODULES = YES;
				CODE_SIGN_IDENTITY = "iPhone Developer: HaiYi Tang (G88A298VQ6)";
				"CODE_SIGN_IDENTITY[sdk=iphoneos*]" = "iPhone Developer";
				INFOPLIST_FILE = rulerSwift/Info.plist;
				IPHONEOS_DEPLOYMENT_TARGET = 8.0;
				LD_RUNPATH_SEARCH_PATHS = "$(inherited) @executable_path/Frameworks";
				PRODUCT_BUNDLE_IDENTIFIER = com.albert.rulerSwift;
				PRODUCT_NAME = "$(TARGET_NAME)";
				PROVISIONING_PROFILE = "";
				PROVISIONING_PROFILE_SPECIFIER = "";
				SWIFT_INSTALL_OBJC_HEADER = NO;
				SWIFT_OBJC_BRIDGING_HEADER = "";
				SWIFT_OPTIMIZATION_LEVEL = "-Onone";
				SWIFT_VERSION = 3.0;
			};
			name = Debug;
		};
		4EA270161D031385003DA80F /* Release */ = {
			isa = XCBuildConfiguration;
			buildSettings = {
				ASSETCATALOG_COMPILER_APPICON_NAME = AppIcon;
				CLANG_ENABLE_MODULES = YES;
				CODE_SIGN_IDENTITY = "iPhone Developer: HaiYi Tang (G88A298VQ6)";
				"CODE_SIGN_IDENTITY[sdk=iphoneos*]" = "iPhone Developer";
				INFOPLIST_FILE = rulerSwift/Info.plist;
				IPHONEOS_DEPLOYMENT_TARGET = 8.0;
				LD_RUNPATH_SEARCH_PATHS = "$(inherited) @executable_path/Frameworks";
				PRODUCT_BUNDLE_IDENTIFIER = com.albert.rulerSwift;
				PRODUCT_NAME = "$(TARGET_NAME)";
				PROVISIONING_PROFILE = "";
				SWIFT_INSTALL_OBJC_HEADER = NO;
				SWIFT_OBJC_BRIDGING_HEADER = "";
				SWIFT_VERSION = 3.0;
			};
			name = Release;
		};
/* End XCBuildConfiguration section */

/* Begin XCConfigurationList section */
		4EA270021D031385003DA80F /* Build configuration list for PBXProject "rulerSwift" */ = {
			isa = XCConfigurationList;
			buildConfigurations = (
				4EA270121D031385003DA80F /* Debug */,
				4EA270131D031385003DA80F /* Release */,
			);
			defaultConfigurationIsVisible = 0;
			defaultConfigurationName = Release;
		};
		4EA270141D031385003DA80F /* Build configuration list for PBXNativeTarget "rulerSwift" */ = {
			isa = XCConfigurationList;
			buildConfigurations = (
				4EA270151D031385003DA80F /* Debug */,
				4EA270161D031385003DA80F /* Release */,
			);
			defaultConfigurationIsVisible = 0;
			defaultConfigurationName = Release;
		};
/* End XCConfigurationList section */
	};
	rootObject = 4EA26FFF1D031385003DA80F /* Project object */;
}
